
Microsoft Visual Studio Solution File, Format Version 12.00
# Visual Studio Version 16
VisualStudioVersion = 16.0.30204.135
MinimumVisualStudioVersion = 10.0.40219.1
Project("{9A19103F-16F7-4668-BE54-9A1E7A4F7556}") = "BlogCore", "BlogCore\BlogCore.csproj", "{35D4F5CB-7276-4C85-A644-8EB9E6529016}"
	ProjectSection(ProjectDependencies) = postProject
		{192216E5-4D79-4B50-ADBE-7EE32419E8E7} = {192216E5-4D79-4B50-ADBE-7EE32419E8E7}
	EndProjectSection
EndProject
Project("{9A19103F-16F7-4668-BE54-9A1E7A4F7556}") = "BlogCore.AccesosDatos", "BlogCore.AccesosDatos\BlogCore.AccesosDatos.csproj", "{251EB0C8-EBA1-4D53-816F-A1D660B7ECB6}"
EndProject
Project("{9A19103F-16F7-4668-BE54-9A1E7A4F7556}") = "BlogCore.Models", "BlogCore.Models\BlogCore.Models.csproj", "{192216E5-4D79-4B50-ADBE-7EE32419E8E7}"
EndProject
Project("{9A19103F-16F7-4668-BE54-9A1E7A4F7556}") = "BlogCore.Utilidades", "BlogCore.Utilidades\BlogCore.Utilidades.csproj", "{55589BC7-9DA4-445D-85A1-05310044264F}"
EndProject
Global
	GlobalSection(SolutionConfigurationPlatforms) = preSolution
		Debug|Any CPU = Debug|Any CPU
		Release|Any CPU = Release|Any CPU
	EndGlobalSection
	GlobalSection(ProjectConfigurationPlatforms) = postSolution
		{35D4F5CB-7276-4C85-A644-8EB9E6529016}.Debug|Any CPU.ActiveCfg = Debug|Any CPU
		{35D4F5CB-7276-4C85-A644-8EB9E6529016}.Debug|Any CPU.Build.0 = Debug|Any CPU
		{35D4F5CB-7276-4C85-A644-8EB9E6529016}.Release|Any CPU.ActiveCfg = Release|Any CPU
		{35D4F5CB-7276-4C85-A644-8EB9E6529016}.Release|Any CPU.Build.0 = Release|Any CPU
		{251EB0C8-EBA1-4D53-816F-A1D660B7ECB6}.Debug|Any CPU.ActiveCfg = Debug|Any CPU
		{251EB0C8-EBA1-4D53-816F-A1D660B7ECB6}.Debug|Any CPU.Build.0 = Debug|Any CPU
		{251EB0C8-EBA1-4D53-816F-A1D660B7ECB6}.Release|Any CPU.ActiveCfg = Release|Any CPU
		{251EB0C8-EBA1-4D53-816F-A1D660B7ECB6}.Release|Any CPU.Build.0 = Release|Any CPU
		{192216E5-4D79-4B50-ADBE-7EE32419E8E7}.Debug|Any CPU.ActiveCfg = Debug|Any CPU
		{192216E5-4D79-4B50-ADBE-7EE32419E8E7}.Debug|Any CPU.Build.0 = Debug|Any CPU
		{192216E5-4D79-4B50-ADBE-7EE32419E8E7}.Release|Any CPU.ActiveCfg = Release|Any CPU
		{192216E5-4D79-4B50-ADBE-7EE32419E8E7}.Release|Any CPU.Build.0 = Release|Any CPU
		{55589BC7-9DA4-445D-85A1-05310044264F}.Debug|Any CPU.ActiveCfg = Debug|Any CPU
		{55589BC7-9DA4-445D-85A1-05310044264F}.Debug|Any CPU.Build.0 = Debug|Any CPU
		{55589BC7-9DA4-445D-85A1-05310044264F}.Release|Any CPU.ActiveCfg = Release|Any CPU
		{55589BC7-9DA4-445D-85A1-05310044264F}.Release|Any CPU.Build.0 = Release|Any CPU
	EndGlobalSection
	GlobalSection(SolutionProperties) = preSolution
		HideSolutionNode = FALSE
	EndGlobalSection
	GlobalSection(ExtensibilityGlobals) = postSolution
		SolutionGuid = {6549872C-D908-4C1D-A84B-419FC2A26883}
	EndGlobalSection
EndGlobal
